{
  "name": "@atjsh-noritor/awesome-chatbot",
  "version": "1.0.0",
  "lockfileVersion": 2,
  "requires": true,
  "packages": {
    "": {
      "name": "@atjsh-noritor/awesome-chatbot",
      "version": "1.0.0",
      "license": "ISC",
      "dependencies": {
        "@atjsh-noritor/chatbot-commons": "^1.0.0",
        "@atjsh-noritor/nestjs-commons": "^1.0.0"
      }
    },
    "node_modules/@atjsh-noritor/chatbot-commons": {
      "version": "1.0.0",
      "resolved": "https://npm.pkg.github.com/download/@atjsh-noritor/chatbot-commons/1.0.0/5d26225ce9f5a142ac493db8656cbb027b274258ab9ae9fccf2aa7f874d35c7d",
      "integrity": "sha512-g0nayqbzlxUf/uDZ2XV1xDl6OPqxX357CNQC+eBPVl+7U+unWWOfjRhha1dlKGMbCxyA7NB8fGQw5RPKJY3NwA==",
      "license": "ISC"
    },
    "node_modules/@atjsh-noritor/nestjs-commons": {
      "version": "1.0.0",
      "resolved": "https://npm.pkg.github.com/download/@atjsh-noritor/nestjs-commons/1.0.0/2acdfdf191266cd613b095088cff49708d0dc60dab33707f91f38084d0915854",
      "integrity": "sha512-NxskDp3nFs1JcckIHOS2+zJySQNt0Hbj+Pz1LKyCE9qdoyuNqVkS9n4sBXF6olZBbWArjJUxGOzbE9jLpgYJ1Q==",
      "license": "ISC"
    }
  },
  "dependencies": {
    "@atjsh-noritor/chatbot-commons": {
      "version": "1.0.0",
      "resolved": "https://npm.pkg.github.com/download/@atjsh-noritor/chatbot-commons/1.0.0/5d26225ce9f5a142ac493db8656cbb027b274258ab9ae9fccf2aa7f874d35c7d",
      "integrity": "sha512-g0nayqbzlxUf/uDZ2XV1xDl6OPqxX357CNQC+eBPVl+7U+unWWOfjRhha1dlKGMbCxyA7NB8fGQw5RPKJY3NwA=="
    },
    "@atjsh-noritor/nestjs-commons": {
      "version": "1.0.0",
      "resolved": "https://npm.pkg.github.com/download/@atjsh-noritor/nestjs-commons/1.0.0/2acdfdf191266cd613b095088cff49708d0dc60dab33707f91f38084d0915854",
      "integrity": "sha512-NxskDp3nFs1JcckIHOS2+zJySQNt0Hbj+Pz1LKyCE9qdoyuNqVkS9n4sBXF6olZBbWArjJUxGOzbE9jLpgYJ1Q=="
    }
  }
}
